
Microsoft Visual Studio Solution File, Format Version 12.00
# Visual Studio 2012
Project("{8BC9CEB8-8B4A-11D0-8D11-00A0C91BC942}") = "CloudBuilderTestAppWin32", "CloudBuilderTestAppWin32.vcxproj", "{0DC98C4E-3741-400C-9775-47464B686097}"
EndProject
Global
	GlobalSection(SolutionConfigurationPlatforms) = preSolution
		Debug|Win32 = Debug|Win32
		Release|Win32 = Release|Win32
	EndGlobalSection
	GlobalSection(ProjectConfigurationPlatforms) = postSolution
		{0DC98C4E-3741-400C-9775-47464B686097}.Debug|Win32.ActiveCfg = Debug|Win32
		{0DC98C4E-3741-400C-9775-47464B686097}.Debug|Win32.Build.0 = Debug|Win32
		{0DC98C4E-3741-400C-9775-47464B686097}.Release|Win32.ActiveCfg = Release|Win32
		{0DC98C4E-3741-400C-9775-47464B686097}.Release|Win32.Build.0 = Release|Win32
	EndGlobalSection
	GlobalSection(SolutionProperties) = preSolution
		HideSolutionNode = FALSE
	EndGlobalSection
EndGlobal
